{
"f1-intro": "150401e4d22e",
"f1-s1": "fdf287eaa171",
"f1-s2": "366d7ee44c11",
"f1-s3": "139668adf4ab",
"f1-lab0-f": "da9f3e8228cb",
"f1-lab0-e": "61a29fdb9004",
"f1-lin0-f": "cdd688b2f9cf",
"f1-lin0-w": "0643c5755036",
"f1-auf0": "f435163f21a3",
"f1-auf1": "9d42ea598379",
"f1-auf2": "6976e80e6234",
"f1-wusst": "2d040cd3750e",
"f2-intro": "f6186584d093",
"f2-s1": "bb95ad9cbc74",
"f2-s2": "f9bdc590ef2d",
"f2-s3": "f589d8132fba",
"f2-s4": "ca1b19e8677e",
"f2-lab0-f": "c2ee5dd1cf47",
"f2-lab0-e": "f9d8a4f97885",
"f2-lab1-f": "9ffb927fbf6c",
"f2-lab1-e": "a6de3f6b6c0c",
"f2-verf-f": "dcbe1abf4b6a",
"f2-verf-z": "d71fc2c2a9bd",
"f2-lin0-f": "bf76a97e72df",
"f2-lin0-w": "45d7be6922fd",
"f2-lin1-f": "c96828126082",
"f2-lin1-w": "2d4807f2af1d",
"f2-auf0": "b3d15a58ece0",
"f2-auf1": "d24a972420b8",
"f2-auf2": "17840507f7d6",
"f2-wusst": "5963bb87e0f8",
"f3-intro": "f8a79cd2707f",
"f3-s1": "5857bc43d51d",
"f3-s2": "314884cee15e",
"f3-s3": "6b268dc2990a",
"f3-s4": "9106d1ea0cdc",
"f3-zeit-f": "93303aa4bf99",
"f3-zeit-w": "d1cf41686cd5",
"f3-z0-a0": "5da47103ad3b",
"f3-z0-a1": "51501795c791",
"f3-z0-a2": "6ce7a33d8ad2",
"f3-z1-a0": "94b3e419b407",
"f3-z1-a1": "866feea50cc9",
"f3-z1-a2": "b0f44ee33495",
"f3-z1-w": "3fbb994b377d",
"f3-z2-a0": "d64087635db3",
"f3-z2-a1": "aa5bc4caa929",
"f3-z2-a2": "a1f09881ae63",
"f3-lin0-f": "471b73656b16",
"f3-lin0-w": "eef0f3d3b01f",
"f3-lin1-f": "5b803d92f744",
"f3-lin1-w": "73349b9878ea",
"f3-auf0": "793fb9a134ee",
"f3-auf1": "f4486e49d60a",
"f3-auf2": "16d469c45732",
"f3-wusst": "f731a0358acd",
"f4-intro": "c29a3ca5654a",
"f4-s1": "209b74bd8666",
"f4-s2": "c9745fde1ec0",
"f4-s3": "681e49139150",
"f4-s4": "48b27f165386",
"f4-s5": "14ac899b6204",
"f4-lab0-f": "a9361f9f9965",
"f4-lab0-e": "c5730800d62b",
"f4-lab1-f": "113713e37f6f",
"f4-lab1-e": "998435b4f016",
"f4-z0-a0": "a9491dbeef09",
"f4-z0-a1": "cf8a4681bcca",
"f4-z0-a2": "bca3a8ceae1d",
"f4-z1-a0": "5583c3305d25",
"f4-z1-a1": "7e0223cb244a",
"f4-z1-a2": "8a162d5dd7c9",
"f4-z1-w": "369c62673985",
"f4-z2-a0": "dabe4f677c89",
"f4-z2-a1": "114a025f69c3",
"f4-z2-a2": "701ba63c93fc",
"f4-lin0-f": "04169907b052",
"f4-lin0-w": "82c428d96bbb",
"f4-lin1-f": "35c14576aa6c",
"f4-lin1-w": "040dd9ac200d",
"f4-lin2-f": "fb8dc8cad7fc",
"f4-lin2-w": "4b95e0113fbf",
"f4-auf0": "8b8f4197cb98",
"f4-auf1": "f9ecc2f5fa28",
"f4-auf2": "91671acdcdab",
"f4-wusst": "55856025d65c",
"f5-intro": "3eabdff17953",
"f5-s1": "6ce7fca90fb3",
"f5-s2": "a0dc3ff0fa79",
"f5-s3": "dd4495e916f1",
"f5-s4": "ea25892559ac",
"f5-lab0-f": "da9f3e8228cb",
"f5-lab0-e": "f5dd74d2a399",
"f5-verf-f": "2078b42b1fc5",
"f5-verf-z": "2e932c3e4bb5",
"f5-z0-a0": "4cc90b8f4adf",
"f5-z0-a1": "ed88ba0d0d01",
"f5-z0-a2": "c6ee1a3562c5",
"f5-z0-w": "74820fab420f",
"f5-z1-a0": "1a7794b73769",
"f5-z1-a1": "edd28292b67e",
"f5-z1-a2": "7ef4b651de92",
"f5-z2-a0": "f57a88a5cebc",
"f5-z2-a1": "5ca2108422e3",
"f5-z2-a2": "92c6e69e0547",
"f5-lin0-f": "cdd688b2f9cf",
"f5-lin0-w": "2e9490a40cdb",
"f5-lin1-f": "979ea04c6f22",
"f5-lin1-w": "40789ac050b5",
"f5-lin2-f": "c1e5030eaebc",
"f5-lin2-w": "4589c97ebdd6",
"f5-auf0": "77bc68f80ca6",
"f5-auf1": "753f03612023",
"f5-auf2": "df7ab603be87",
"f5-wusst": "87070d0c1371",
"g-willkommen": "4bc57211967c",
"g-quer": "a381924c7a60",
"g-tatort": "12f6f5e3405c",
"g-dunkel": "983c909dba9b",
"g-alle": "f3620bb6d250",
"g-richtig": "ecf0a8a6928e",
"g-falsch": "71dbd0e7aadf",
"g-fastfalsch": "869918cd8147",
"g-lineup": "42a8c2a00491",
"g-verhaften": "63ef923d4267",
"g-verhaftet": "cf930c616ead",
"g-drei": "636a01661d00",
"g-befoerdert": "e0f1b36f8f5e",
"g-hinweis-oben": "32cb54199ef9",
"g-hinweis-unten": "2a7dcd0eba7b",
"g-hinweis-links": "5615e6a3c250",
"g-hinweis-rechts": "9d90f8d8da9b",
"g-zeuge": "b4b749979a39",
"g-erwischt": "06221834a3af",
"g-weiter": "dfb30702fc5b"
}