{
"f1-intro": "20d55b65aa38",
"f1-s1": "754a3e113d01",
"f1-s2": "d877a2c7207d",
"f1-s3": "e250206ae9d9",
"f1-lab0-f": "dc33346b575d",
"f1-lab0-e": "2d7f8cc5f15f",
"f1-lin0-f": "39f1aad92d39",
"f1-lin0-w": "b8d18da0fe2c",
"f1-auf0": "d66562392500",
"f1-auf1": "e3899b06ff43",
"f1-auf2": "f7a01c012334",
"f1-wusst": "3ebd71ffcbbc",
"f2-intro": "29d26cecdc17",
"f2-s1": "ad4580224475",
"f2-s2": "c9996064dc24",
"f2-s3": "40fc722fbe26",
"f2-s4": "a70fba17a976",
"f2-lab0-f": "373f472b7954",
"f2-lab0-e": "3e2df845ca63",
"f2-lab1-f": "046b3becb4ba",
"f2-lab1-e": "9ea0c04a4a52",
"f2-verf-f": "849141345d02",
"f2-verf-z": "819ee02b12d8",
"f2-lin0-f": "ad49e14282a2",
"f2-lin0-w": "9b8c49ce7915",
"f2-lin1-f": "5ce13682ba0e",
"f2-lin1-w": "21b8a4e11ad0",
"f2-auf0": "5a959b179886",
"f2-auf1": "8cd6738d2adc",
"f2-auf2": "1892573e630a",
"f2-wusst": "0edc896707b8",
"f3-intro": "0c5f8f727a7b",
"f3-s1": "c1cd22731c76",
"f3-s2": "d17556275ae5",
"f3-s3": "a75e296f4c18",
"f3-s4": "fb1f15e78654",
"f3-zeit-f": "e7260410b5f5",
"f3-zeit-w": "dce7a8aac856",
"f3-z0-a0": "4454f25367eb",
"f3-z0-a1": "a54480fb6424",
"f3-z0-a2": "91f9cf0f7ce5",
"f3-z1-a0": "c436a1abefd6",
"f3-z1-a1": "7e29fc0e46e8",
"f3-z1-a2": "f7620fdc4f49",
"f3-z1-w": "36d129979989",
"f3-z2-a0": "5d9656fd167f",
"f3-z2-a1": "74c77d0ab54a",
"f3-z2-a2": "8d7cd764cc6a",
"f3-lin0-f": "c7682a0485ca",
"f3-lin0-w": "8966279ee4b5",
"f3-lin1-f": "58bf6c6ba860",
"f3-lin1-w": "8338b11d2824",
"f3-auf0": "a9ae8f6e6317",
"f3-auf1": "a683c9db1317",
"f3-auf2": "9cc55ecb3373",
"f3-wusst": "466d34b76644",
"f4-intro": "394405713134",
"f4-s1": "5a753192650a",
"f4-s2": "5abcd6173d6e",
"f4-s3": "5991fa429fc1",
"f4-s4": "e4ac891b4d23",
"f4-s5": "b1e7f6ea27c0",
"f4-lab0-f": "4086d4547fc7",
"f4-lab0-e": "c99a8aaad80a",
"f4-lab1-f": "c7529eac35f6",
"f4-lab1-e": "ec1f5096f097",
"f4-z0-a0": "6f24a0babc38",
"f4-z0-a1": "b41438f6fc6b",
"f4-z0-a2": "cb6d0b13d748",
"f4-z1-a0": "2a7877c3e762",
"f4-z1-a1": "0e279ffc3b0e",
"f4-z1-a2": "f15e4e53bb52",
"f4-z1-w": "682de343cd15",
"f4-z2-a0": "87b1e5fd9702",
"f4-z2-a1": "501e3683a7b4",
"f4-z2-a2": "a4a4896f6194",
"f4-lin0-f": "5505e5680a60",
"f4-lin0-w": "9d04d782a819",
"f4-lin1-f": "b5203cd5f67d",
"f4-lin1-w": "c2c89e8ef990",
"f4-lin2-f": "f674cbe303ee",
"f4-lin2-w": "49baff2d2da1",
"f4-auf0": "484424adec3c",
"f4-auf1": "a7ec28605024",
"f4-auf2": "4a06f7604576",
"f4-wusst": "c915c18fb0bd",
"f5-intro": "6a537bb8278e",
"f5-s1": "0d416b5895ce",
"f5-s2": "8b797cc52198",
"f5-s3": "5655b12867f9",
"f5-s4": "da6b5a704168",
"f5-lab0-f": "dc33346b575d",
"f5-lab0-e": "3d203ca43ede",
"f5-verf-f": "03baaf898c5c",
"f5-verf-z": "7ede68448a18",
"f5-z0-a0": "29b33a76cbe4",
"f5-z0-a1": "f88adc509649",
"f5-z0-a2": "b9008308c544",
"f5-z0-w": "956c09bb978a",
"f5-z1-a0": "d27c2ce4c6fa",
"f5-z1-a1": "92ccb21e1279",
"f5-z1-a2": "d73d51dde661",
"f5-z2-a0": "722332be7350",
"f5-z2-a1": "802f8ee229e2",
"f5-z2-a2": "e338cba022d2",
"f5-lin0-f": "39f1aad92d39",
"f5-lin0-w": "d9765cd2421e",
"f5-lin1-f": "af0dc3c77c89",
"f5-lin1-w": "a65b7bef6a34",
"f5-lin2-f": "a88ff7aeb1fa",
"f5-lin2-w": "6c54c75fc08b",
"f5-auf0": "b1ce674ada2b",
"f5-auf1": "0b3f3e44aa7e",
"f5-auf2": "7753ec543d04",
"f5-wusst": "1180607e0b27",
"g-willkommen": "3daf6e26772e",
"g-quer": "ed0f726d56b1",
"g-tatort": "c0b53996d963",
"g-dunkel": "40244df78d23",
"g-alle": "ece6fc5e7986",
"g-richtig": "b8f07ff78cc5",
"g-falsch": "5e17cb7d5fca",
"g-fastfalsch": "f6cbb2f31a50",
"g-lineup": "323c4e13b6c1",
"g-verhaften": "557a6ebb457d",
"g-verhaftet": "7809d248dc35",
"g-drei": "01d6efb3fd55",
"g-befoerdert": "d25d931c9fe5",
"g-hinweis-oben": "a1de8975a8aa",
"g-hinweis-unten": "be791a167891",
"g-hinweis-links": "17ed780ee62c",
"g-hinweis-rechts": "0196f479d527",
"g-zeuge": "a858272be3ff",
"g-erwischt": "f914e62e43e9",
"g-weiter": "5fd17b1e84f7"
}