{
"f1-intro": "b87234c0d47f",
"f1-s1": "74d0d949122c",
"f1-s2": "de5c38a900c6",
"f1-s3": "ce593439b26b",
"f1-lab0-f": "ac3ed4273d73",
"f1-lab0-e": "181ea3490b0f",
"f1-lin0-f": "e408ffc91b0b",
"f1-lin0-w": "3359490546ba",
"f1-auf0": "ac2198147b40",
"f1-auf1": "846a3e631cf2",
"f1-auf2": "4e1d96584928",
"f1-wusst": "f2677f45b837",
"f2-intro": "ffa4842249df",
"f2-s1": "af0e8144ebfe",
"f2-s2": "b67f6f16368c",
"f2-s3": "5c1e37ab15be",
"f2-s4": "429e7b82fefb",
"f2-lab0-f": "409fd12587a7",
"f2-lab0-e": "6ec9dc97acb0",
"f2-lab1-f": "8d0b67a84a36",
"f2-lab1-e": "119db6a84900",
"f2-verf-f": "667c389834df",
"f2-verf-z": "f0a0a6452a51",
"f2-lin0-f": "34e625ed2c01",
"f2-lin0-w": "6351ba3c64d8",
"f2-lin1-f": "3ef206890b0c",
"f2-lin1-w": "54f1f1523966",
"f2-auf0": "6e65b0d75934",
"f2-auf1": "6f42bebaf6a6",
"f2-auf2": "84c9833bed74",
"f2-wusst": "a44b0e96f77e",
"f3-intro": "80145ff05b23",
"f3-s1": "a4114a3384c4",
"f3-s2": "9d72671bbec1",
"f3-s3": "f031ee301a5a",
"f3-s4": "f66419590431",
"f3-zeit-f": "4de3702ffc62",
"f3-zeit-w": "557ae3959080",
"f3-z0-a0": "0d77e6d5e983",
"f3-z0-a1": "98d01698596f",
"f3-z0-a2": "28fe68dbec49",
"f3-z1-a0": "f5034cc4cffa",
"f3-z1-a1": "1bb4a416956c",
"f3-z1-a2": "427715c3844c",
"f3-z1-w": "3ac3f498ab85",
"f3-z2-a0": "7a553101c5ab",
"f3-z2-a1": "0fc051d919b0",
"f3-z2-a2": "7bb00ec06d1a",
"f3-lin0-f": "c2d0117b2fca",
"f3-lin0-w": "a9286ece8a65",
"f3-lin1-f": "c28c390f92c7",
"f3-lin1-w": "bbee7b8c0a48",
"f3-auf0": "c8ce9256f760",
"f3-auf1": "e316081814b6",
"f3-auf2": "2ea603eda3de",
"f3-wusst": "cd1b069a59e7",
"f4-intro": "1c270baaa0a9",
"f4-s1": "50c2907405a9",
"f4-s2": "5a955907a572",
"f4-s3": "c864d764cc52",
"f4-s4": "b4e1c927b0db",
"f4-s5": "936fbe8a7f44",
"f4-lab0-f": "b912ed0b1add",
"f4-lab0-e": "5f4edac0ad96",
"f4-lab1-f": "273a0986863d",
"f4-lab1-e": "79d1bb01ffbb",
"f4-z0-a0": "7e91e23773fc",
"f4-z0-a1": "a304e3cb7712",
"f4-z0-a2": "44d2df293c05",
"f4-z1-a0": "ac0d5f331edb",
"f4-z1-a1": "cfe00688d5c4",
"f4-z1-a2": "103717693443",
"f4-z1-w": "d0f8964b9436",
"f4-z2-a0": "739580c2a5f1",
"f4-z2-a1": "34c9d86285fa",
"f4-z2-a2": "d99f8ba5592a",
"f4-lin0-f": "e54196e0c145",
"f4-lin0-w": "35fafa4d81e3",
"f4-lin1-f": "0527a0639ebe",
"f4-lin1-w": "f3f56033f5b6",
"f4-lin2-f": "02df9b96c3df",
"f4-lin2-w": "406f02a06222",
"f4-auf0": "85e8a03af819",
"f4-auf1": "9584c6f66328",
"f4-auf2": "63d0e1b562da",
"f4-wusst": "8c5e9fc26708",
"f5-intro": "86099a5620b3",
"f5-s1": "d1b3aae32a51",
"f5-s2": "1e0a7df5c886",
"f5-s3": "a89d42e6b18e",
"f5-s4": "b2e2800cc3bf",
"f5-lab0-f": "97b296a482d2",
"f5-lab0-e": "143884168311",
"f5-verf-f": "9d235f92c1f0",
"f5-verf-z": "a8470e5f0f1b",
"f5-z0-a0": "5a924bfcea7d",
"f5-z0-a1": "93dbc896db71",
"f5-z0-a2": "b4a072dcefd6",
"f5-z0-w": "52c9a87cd80f",
"f5-z1-a0": "f83b10f64158",
"f5-z1-a1": "64fceffafd62",
"f5-z1-a2": "3abb84fffa95",
"f5-z2-a0": "ae9a86ffbf63",
"f5-z2-a1": "8425f2866db5",
"f5-z2-a2": "7ce437c54021",
"f5-lin0-f": "6cc867fcac1e",
"f5-lin0-w": "362c69813ff5",
"f5-lin1-f": "a513802228b9",
"f5-lin1-w": "65502ee14eeb",
"f5-lin2-f": "85278816a302",
"f5-lin2-w": "bd3872fecc76",
"f5-auf0": "0023fabe62d5",
"f5-auf1": "005b57cf0f95",
"f5-auf2": "1230bdc66934",
"f5-wusst": "8721833d4f16",
"g-willkommen": "45ee63345bec",
"g-quer": "47be52a2103d",
"g-tatort": "7f08e90bbdff",
"g-dunkel": "40a9830077ef",
"g-alle": "6c383469a238",
"g-richtig": "a29eee9f8e62",
"g-falsch": "8b6b2d977543",
"g-fastfalsch": "caaf698c429f",
"g-lineup": "778cd6bfbe4c",
"g-verhaften": "fb3d70a783b3",
"g-verhaftet": "3f062995787d",
"g-drei": "e709518703e7",
"g-befoerdert": "ae9657cb21a9",
"g-hinweis-oben": "5866d9226bb8",
"g-hinweis-unten": "dc1afd7bbc50",
"g-hinweis-links": "f29e2b74bf80",
"g-hinweis-rechts": "e983328c448c",
"g-zeuge": "0a3d2aa02b0e",
"g-erwischt": "f7b69f4dab03",
"g-weiter": "c6b8c98ea744"
}